
Microsoft Visual Studio Solution File, Format Version 12.00
# Visual Studio Version 17
VisualStudioVersion = 17.11.35327.3
MinimumVisualStudioVersion = 10.0.40219.1
Project("{FAE04EC0-301F-11D3-BF4B-00C04F79EFBC}") = "EMS", "EMS.csproj", "{4F98C321-B8DA-42EF-B839-5D55FE06F4DA}"
EndProject
Global
	GlobalSection(SolutionConfigurationPlatforms) = preSolution
		Debug|Any CPU = Debug|Any CPU
		Release|Any CPU = Release|Any CPU
	EndGlobalSection
	GlobalSection(ProjectConfigurationPlatforms) = postSolution
		{4F98C321-B8DA-42EF-B839-5D55FE06F4DA}.Debug|Any CPU.ActiveCfg = Debug|Any CPU
		{4F98C321-B8DA-42EF-B839-5D55FE06F4DA}.Debug|Any CPU.Build.0 = Debug|Any CPU
		{4F98C321-B8DA-42EF-B839-5D55FE06F4DA}.Release|Any CPU.ActiveCfg = Release|Any CPU
		{4F98C321-B8DA-42EF-B839-5D55FE06F4DA}.Release|Any CPU.Build.0 = Release|Any CPU
	EndGlobalSection
	GlobalSection(SolutionProperties) = preSolution
		HideSolutionNode = FALSE
	EndGlobalSection
	GlobalSection(ExtensibilityGlobals) = postSolution
		SolutionGuid = {FD7113A2-AFDE-428A-8646-A63BD88D2C05}
	EndGlobalSection
EndGlobal
